
Microsoft Visual Studio Solution File, Format Version 12.00
# Visual Studio 15
VisualStudioVersion = 15.0.26730.16
MinimumVisualStudioVersion = 10.0.40219.1
Project("{9A19103F-16F7-4668-BE54-9A1E7A4F7556}") = "KestrelDemo", "KestrelDemo.csproj", "{7CFEAE14-3B0F-497E-9511-F0AC9CFD5E2A}"
EndProject
Global
	GlobalSection(SolutionConfigurationPlatforms) = preSolution
		Debug|Any CPU = Debug|Any CPU
		Release|Any CPU = Release|Any CPU
	EndGlobalSection
	GlobalSection(ProjectConfigurationPlatforms) = postSolution
		{7CFEAE14-3B0F-497E-9511-F0AC9CFD5E2A}.Debug|Any CPU.ActiveCfg = Release|Any CPU
		{7CFEAE14-3B0F-497E-9511-F0AC9CFD5E2A}.Debug|Any CPU.Build.0 = Release|Any CPU
		{7CFEAE14-3B0F-497E-9511-F0AC9CFD5E2A}.Release|Any CPU.ActiveCfg = Release|Any CPU
		{7CFEAE14-3B0F-497E-9511-F0AC9CFD5E2A}.Release|Any CPU.Build.0 = Release|Any CPU
	EndGlobalSection
	GlobalSection(SolutionProperties) = preSolution
		HideSolutionNode = FALSE
	EndGlobalSection
	GlobalSection(ExtensibilityGlobals) = postSolution
		SolutionGuid = {3E1B9356-8499-430B-82EA-99593A044069}
	EndGlobalSection
EndGlobal
